
Microsoft Visual Studio Solution File, Format Version 12.00
# Visual Studio 15
VisualStudioVersion = 15.0.27130.2027
MinimumVisualStudioVersion = 10.0.40219.1
Project("{F2A71F9B-5D33-465A-A702-920D77279786}") = "ex007_10001_prime", "ex007_10001_prime\ex007_10001_prime.fsproj", "{6ABB45D4-E76C-4BA4-B7D7-D90A2C40D66F}"
EndProject
Project("{F2A71F9B-5D33-465A-A702-920D77279786}") = "ex006_sum_square_difference", "ex006_sum_square_difference\ex006_sum_square_difference.fsproj", "{4E06ACB2-4D3B-4146-B578-C8B9EDFCED32}"
EndProject
Project("{F2A71F9B-5D33-465A-A702-920D77279786}") = "ex010_summation_of_primes", "ex010_summation_of_primes\ex010_summation_of_primes.fsproj", "{4BA19735-3A0B-4697-BA16-7CA1356FC67A}"
EndProject
Project("{F2A71F9B-5D33-465A-A702-920D77279786}") = "ex001_multiples_of_3_and_5", "ex001_multiples_of_3_and_5\ex001_multiples_of_3_and_5.fsproj", "{1FA5C6F6-0182-4190-A64E-1662F2F939C4}"
EndProject
Project("{F2A71F9B-5D33-465A-A702-920D77279786}") = "ex008_largest_product_in_a_series", "ex008_largest_product_in_a_series\ex008_largest_product_in_a_series.fsproj", "{53BC87E0-4E31-46BA-A8D1-5EC5580998F4}"
EndProject
Project("{F2A71F9B-5D33-465A-A702-920D77279786}") = "ex014_longest_Collatz_sequence", "ex014_longest_Collatz_sequence\ex014_longest_Collatz_sequence.fsproj", "{F241A9B4-BD51-4C7F-9A3A-0D27E3AC1BED}"
EndProject
Project("{F2A71F9B-5D33-465A-A702-920D77279786}") = "ex012_highly_divisible_triangular_numbers", "ex012_highly_divisible_triangular_numbers\ex012_highly_divisible_triangular_numbers.fsproj", "{E92EDA0E-6499-4089-B5D0-F42E838FBBC6}"
EndProject
Project("{F2A71F9B-5D33-465A-A702-920D77279786}") = "ex009_special_Pythagorean_triplet", "ex009_special_Pythagorean_triplet\ex009_special_Pythagorean_triplet.fsproj", "{A2FAD109-91C3-4F5D-B2B9-F59C6FF26708}"
EndProject
Project("{F2A71F9B-5D33-465A-A702-920D77279786}") = "ex016_power_digit_sum", "ex016_power_digit_sum\ex016_power_digit_sum.fsproj", "{3E1F83A2-6630-4879-9267-AB005AED0E72}"
EndProject
Project("{F2A71F9B-5D33-465A-A702-920D77279786}") = "ex020_factorial_digit_sum", "ex020_factorial_digit_sum\ex020_factorial_digit_sum.fsproj", "{4EC56803-F28F-402C-A738-F26940A4BFA2}"
EndProject
Project("{F2A71F9B-5D33-465A-A702-920D77279786}") = "ex074_digit_factorial_chains", "ex074_digit_factorial_chains\ex074_digit_factorial_chains.fsproj", "{7552467B-E9EE-4BC7-9879-51FA855ABCE0}"
EndProject
Global
	GlobalSection(SolutionConfigurationPlatforms) = preSolution
		Debug|Any CPU = Debug|Any CPU
		Release|Any CPU = Release|Any CPU
	EndGlobalSection
	GlobalSection(ProjectConfigurationPlatforms) = postSolution
		{6ABB45D4-E76C-4BA4-B7D7-D90A2C40D66F}.Debug|Any CPU.ActiveCfg = Debug|Any CPU
		{6ABB45D4-E76C-4BA4-B7D7-D90A2C40D66F}.Debug|Any CPU.Build.0 = Debug|Any CPU
		{6ABB45D4-E76C-4BA4-B7D7-D90A2C40D66F}.Release|Any CPU.ActiveCfg = Release|Any CPU
		{6ABB45D4-E76C-4BA4-B7D7-D90A2C40D66F}.Release|Any CPU.Build.0 = Release|Any CPU
		{4E06ACB2-4D3B-4146-B578-C8B9EDFCED32}.Debug|Any CPU.ActiveCfg = Debug|Any CPU
		{4E06ACB2-4D3B-4146-B578-C8B9EDFCED32}.Debug|Any CPU.Build.0 = Debug|Any CPU
		{4E06ACB2-4D3B-4146-B578-C8B9EDFCED32}.Release|Any CPU.ActiveCfg = Release|Any CPU
		{4E06ACB2-4D3B-4146-B578-C8B9EDFCED32}.Release|Any CPU.Build.0 = Release|Any CPU
		{4BA19735-3A0B-4697-BA16-7CA1356FC67A}.Debug|Any CPU.ActiveCfg = Debug|Any CPU
		{4BA19735-3A0B-4697-BA16-7CA1356FC67A}.Debug|Any CPU.Build.0 = Debug|Any CPU
		{4BA19735-3A0B-4697-BA16-7CA1356FC67A}.Release|Any CPU.ActiveCfg = Release|Any CPU
		{4BA19735-3A0B-4697-BA16-7CA1356FC67A}.Release|Any CPU.Build.0 = Release|Any CPU
		{1FA5C6F6-0182-4190-A64E-1662F2F939C4}.Debug|Any CPU.ActiveCfg = Debug|Any CPU
		{1FA5C6F6-0182-4190-A64E-1662F2F939C4}.Debug|Any CPU.Build.0 = Debug|Any CPU
		{1FA5C6F6-0182-4190-A64E-1662F2F939C4}.Release|Any CPU.ActiveCfg = Release|Any CPU
		{1FA5C6F6-0182-4190-A64E-1662F2F939C4}.Release|Any CPU.Build.0 = Release|Any CPU
		{53BC87E0-4E31-46BA-A8D1-5EC5580998F4}.Debug|Any CPU.ActiveCfg = Debug|Any CPU
		{53BC87E0-4E31-46BA-A8D1-5EC5580998F4}.Debug|Any CPU.Build.0 = Debug|Any CPU
		{53BC87E0-4E31-46BA-A8D1-5EC5580998F4}.Release|Any CPU.ActiveCfg = Release|Any CPU
		{53BC87E0-4E31-46BA-A8D1-5EC5580998F4}.Release|Any CPU.Build.0 = Release|Any CPU
		{F241A9B4-BD51-4C7F-9A3A-0D27E3AC1BED}.Debug|Any CPU.ActiveCfg = Debug|Any CPU
		{F241A9B4-BD51-4C7F-9A3A-0D27E3AC1BED}.Debug|Any CPU.Build.0 = Debug|Any CPU
		{F241A9B4-BD51-4C7F-9A3A-0D27E3AC1BED}.Release|Any CPU.ActiveCfg = Release|Any CPU
		{F241A9B4-BD51-4C7F-9A3A-0D27E3AC1BED}.Release|Any CPU.Build.0 = Release|Any CPU
		{E92EDA0E-6499-4089-B5D0-F42E838FBBC6}.Debug|Any CPU.ActiveCfg = Debug|Any CPU
		{E92EDA0E-6499-4089-B5D0-F42E838FBBC6}.Debug|Any CPU.Build.0 = Debug|Any CPU
		{E92EDA0E-6499-4089-B5D0-F42E838FBBC6}.Release|Any CPU.ActiveCfg = Release|Any CPU
		{E92EDA0E-6499-4089-B5D0-F42E838FBBC6}.Release|Any CPU.Build.0 = Release|Any CPU
		{A2FAD109-91C3-4F5D-B2B9-F59C6FF26708}.Debug|Any CPU.ActiveCfg = Debug|Any CPU
		{A2FAD109-91C3-4F5D-B2B9-F59C6FF26708}.Debug|Any CPU.Build.0 = Debug|Any CPU
		{A2FAD109-91C3-4F5D-B2B9-F59C6FF26708}.Release|Any CPU.ActiveCfg = Release|Any CPU
		{A2FAD109-91C3-4F5D-B2B9-F59C6FF26708}.Release|Any CPU.Build.0 = Release|Any CPU
		{3E1F83A2-6630-4879-9267-AB005AED0E72}.Debug|Any CPU.ActiveCfg = Debug|Any CPU
		{3E1F83A2-6630-4879-9267-AB005AED0E72}.Debug|Any CPU.Build.0 = Debug|Any CPU
		{3E1F83A2-6630-4879-9267-AB005AED0E72}.Release|Any CPU.ActiveCfg = Release|Any CPU
		{3E1F83A2-6630-4879-9267-AB005AED0E72}.Release|Any CPU.Build.0 = Release|Any CPU
		{4EC56803-F28F-402C-A738-F26940A4BFA2}.Debug|Any CPU.ActiveCfg = Debug|Any CPU
		{4EC56803-F28F-402C-A738-F26940A4BFA2}.Debug|Any CPU.Build.0 = Debug|Any CPU
		{4EC56803-F28F-402C-A738-F26940A4BFA2}.Release|Any CPU.ActiveCfg = Release|Any CPU
		{4EC56803-F28F-402C-A738-F26940A4BFA2}.Release|Any CPU.Build.0 = Release|Any CPU
		{7552467B-E9EE-4BC7-9879-51FA855ABCE0}.Debug|Any CPU.ActiveCfg = Debug|Any CPU
		{7552467B-E9EE-4BC7-9879-51FA855ABCE0}.Debug|Any CPU.Build.0 = Debug|Any CPU
		{7552467B-E9EE-4BC7-9879-51FA855ABCE0}.Release|Any CPU.ActiveCfg = Release|Any CPU
		{7552467B-E9EE-4BC7-9879-51FA855ABCE0}.Release|Any CPU.Build.0 = Release|Any CPU
	EndGlobalSection
	GlobalSection(SolutionProperties) = preSolution
		HideSolutionNode = FALSE
	EndGlobalSection
	GlobalSection(ExtensibilityGlobals) = postSolution
		SolutionGuid = {10070827-C290-4E2B-B8CA-48F4158682D7}
	EndGlobalSection
EndGlobal
