
Microsoft Visual Studio Solution File, Format Version 12.00
# Visual Studio 15
VisualStudioVersion = 15.0.27130.2027
MinimumVisualStudioVersion = 10.0.40219.1
Project("{F2A71F9B-5D33-465A-A702-920D77279786}") = "ex007_10001_prime", "ex007_10001_prime\ex007_10001_prime.fsproj", "{6ABB45D4-E76C-4BA4-B7D7-D90A2C40D66F}"
EndProject
Project("{F2A71F9B-5D33-465A-A702-920D77279786}") = "ex006_sum_square_difference", "ex006_sum_square_difference\ex006_sum_square_difference.fsproj", "{4E06ACB2-4D3B-4146-B578-C8B9EDFCED32}"
EndProject
Project("{F2A71F9B-5D33-465A-A702-920D77279786}") = "ex008_special_Pythagorean_triplet", "ex008_special_Pythagorean_triplet\ex008_special_Pythagorean_triplet.fsproj", "{8C6642DB-8272-484F-A3E6-C248A522124C}"
EndProject
Project("{F2A71F9B-5D33-465A-A702-920D77279786}") = "ex010_summation_of_primes", "ex010_summation_of_primes\ex010_summation_of_primes.fsproj", "{4BA19735-3A0B-4697-BA16-7CA1356FC67A}"
EndProject
Project("{F2A71F9B-5D33-465A-A702-920D77279786}") = "ex001_multiples_of_3_and_5", "ex001_multiples_of_3_and_5\ex001_multiples_of_3_and_5.fsproj", "{1FA5C6F6-0182-4190-A64E-1662F2F939C4}"
EndProject
Project("{F2A71F9B-5D33-465A-A702-920D77279786}") = "ex008_largest_product_in_a_series", "ex008_largest_product_in_a_series\ex008_largest_product_in_a_series.fsproj", "{53BC87E0-4E31-46BA-A8D1-5EC5580998F4}"
EndProject
Global
	GlobalSection(SolutionConfigurationPlatforms) = preSolution
		Debug|Any CPU = Debug|Any CPU
		Release|Any CPU = Release|Any CPU
	EndGlobalSection
	GlobalSection(ProjectConfigurationPlatforms) = postSolution
		{6ABB45D4-E76C-4BA4-B7D7-D90A2C40D66F}.Debug|Any CPU.ActiveCfg = Debug|Any CPU
		{6ABB45D4-E76C-4BA4-B7D7-D90A2C40D66F}.Debug|Any CPU.Build.0 = Debug|Any CPU
		{6ABB45D4-E76C-4BA4-B7D7-D90A2C40D66F}.Release|Any CPU.ActiveCfg = Release|Any CPU
		{6ABB45D4-E76C-4BA4-B7D7-D90A2C40D66F}.Release|Any CPU.Build.0 = Release|Any CPU
		{4E06ACB2-4D3B-4146-B578-C8B9EDFCED32}.Debug|Any CPU.ActiveCfg = Debug|Any CPU
		{4E06ACB2-4D3B-4146-B578-C8B9EDFCED32}.Debug|Any CPU.Build.0 = Debug|Any CPU
		{4E06ACB2-4D3B-4146-B578-C8B9EDFCED32}.Release|Any CPU.ActiveCfg = Release|Any CPU
		{4E06ACB2-4D3B-4146-B578-C8B9EDFCED32}.Release|Any CPU.Build.0 = Release|Any CPU
		{8C6642DB-8272-484F-A3E6-C248A522124C}.Debug|Any CPU.ActiveCfg = Debug|Any CPU
		{8C6642DB-8272-484F-A3E6-C248A522124C}.Debug|Any CPU.Build.0 = Debug|Any CPU
		{8C6642DB-8272-484F-A3E6-C248A522124C}.Release|Any CPU.ActiveCfg = Release|Any CPU
		{8C6642DB-8272-484F-A3E6-C248A522124C}.Release|Any CPU.Build.0 = Release|Any CPU
		{4BA19735-3A0B-4697-BA16-7CA1356FC67A}.Debug|Any CPU.ActiveCfg = Debug|Any CPU
		{4BA19735-3A0B-4697-BA16-7CA1356FC67A}.Debug|Any CPU.Build.0 = Debug|Any CPU
		{4BA19735-3A0B-4697-BA16-7CA1356FC67A}.Release|Any CPU.ActiveCfg = Release|Any CPU
		{4BA19735-3A0B-4697-BA16-7CA1356FC67A}.Release|Any CPU.Build.0 = Release|Any CPU
		{1FA5C6F6-0182-4190-A64E-1662F2F939C4}.Debug|Any CPU.ActiveCfg = Debug|Any CPU
		{1FA5C6F6-0182-4190-A64E-1662F2F939C4}.Debug|Any CPU.Build.0 = Debug|Any CPU
		{1FA5C6F6-0182-4190-A64E-1662F2F939C4}.Release|Any CPU.ActiveCfg = Release|Any CPU
		{1FA5C6F6-0182-4190-A64E-1662F2F939C4}.Release|Any CPU.Build.0 = Release|Any CPU
		{53BC87E0-4E31-46BA-A8D1-5EC5580998F4}.Debug|Any CPU.ActiveCfg = Debug|Any CPU
		{53BC87E0-4E31-46BA-A8D1-5EC5580998F4}.Debug|Any CPU.Build.0 = Debug|Any CPU
		{53BC87E0-4E31-46BA-A8D1-5EC5580998F4}.Release|Any CPU.ActiveCfg = Release|Any CPU
		{53BC87E0-4E31-46BA-A8D1-5EC5580998F4}.Release|Any CPU.Build.0 = Release|Any CPU
	EndGlobalSection
	GlobalSection(SolutionProperties) = preSolution
		HideSolutionNode = FALSE
	EndGlobalSection
	GlobalSection(ExtensibilityGlobals) = postSolution
		SolutionGuid = {10070827-C290-4E2B-B8CA-48F4158682D7}
	EndGlobalSection
EndGlobal
